
Microsoft Visual Studio Solution File, Format Version 12.00
# Visual Studio 15
VisualStudioVersion = 15.0.28010.2036
MinimumVisualStudioVersion = 10.0.40219.1
Project("{FAE04EC0-301F-11D3-BF4B-00C04F79EFBC}") = "Cryptos", "Cryptos\Cryptos.csproj", "{88760D04-D146-40DA-805C-7C75C2799624}"
EndProject
Global
	GlobalSection(SolutionConfigurationPlatforms) = preSolution
		Debug|Any CPU = Debug|Any CPU
		Release|Any CPU = Release|Any CPU
	EndGlobalSection
	GlobalSection(ProjectConfigurationPlatforms) = postSolution
		{88760D04-D146-40DA-805C-7C75C2799624}.Debug|Any CPU.ActiveCfg = Debug|Any CPU
		{88760D04-D146-40DA-805C-7C75C2799624}.Debug|Any CPU.Build.0 = Debug|Any CPU
		{88760D04-D146-40DA-805C-7C75C2799624}.Release|Any CPU.ActiveCfg = Release|Any CPU
		{88760D04-D146-40DA-805C-7C75C2799624}.Release|Any CPU.Build.0 = Release|Any CPU
	EndGlobalSection
	GlobalSection(SolutionProperties) = preSolution
		HideSolutionNode = FALSE
	EndGlobalSection
	GlobalSection(ExtensibilityGlobals) = postSolution
		SolutionGuid = {CD2439A2-9DFB-4887-A09D-84F187AFBC3E}
	EndGlobalSection
EndGlobal
